// !$*UTF8*$!
{
	archiveVersion = 1;
	classes = {
	};
	objectVersion = 56;
	objects = {

/* Begin PBXBuildFile section */
		ADA7FC0C2AF2241B00105AF4 /* MainApp.swift in Sources */ = {isa = PBXBuildFile; fileRef = ADA7FC0B2AF2241B00105AF4 /* MainApp.swift */; };
		ADA7FC0E2AF2241B00105AF4 /* ContentView.swift in Sources */ = {isa = PBXBuildFile; fileRef = ADA7FC0D2AF2241B00105AF4 /* ContentView.swift */; };
		ADA7FC102AF2241B00105AF4 /* Order.swift in Sources */ = {isa = PBXBuildFile; fileRef = ADA7FC0F2AF2241B00105AF4 /* Order.swift */; };
		ADA7FC122AF2241C00105AF4 /* Assets.xcassets in Resources */ = {isa = PBXBuildFile; fileRef = ADA7FC112AF2241C00105AF4 /* Assets.xcassets */; };
		ADA7FC152AF2241C00105AF4 /* Preview Assets.xcassets in Resources */ = {isa = PBXBuildFile; fileRef = ADA7FC142AF2241C00105AF4 /* Preview Assets.xcassets */; };
		ADA7FC1F2AF2241C00105AF4 /* ListOnDemandTests.swift in Sources */ = {isa = PBXBuildFile; fileRef = ADA7FC1E2AF2241C00105AF4 /* ListOnDemandTests.swift */; };
		ADA7FC292AF2241C00105AF4 /* ListOnDemandUITests.swift in Sources */ = {isa = PBXBuildFile; fileRef = ADA7FC282AF2241C00105AF4 /* ListOnDemandUITests.swift */; };
		ADA7FC2B2AF2241C00105AF4 /* ListOnDemandUITestsLaunchTests.swift in Sources */ = {isa = PBXBuildFile; fileRef = ADA7FC2A2AF2241C00105AF4 /* ListOnDemandUITestsLaunchTests.swift */; };
		ADA7FC382AF224F900105AF4 /* DatabaseManager.swift in Sources */ = {isa = PBXBuildFile; fileRef = ADA7FC372AF224F900105AF4 /* DatabaseManager.swift */; };
		ADA7FC3A2AF22DF900105AF4 /* LazyLoadingListView.swift in Sources */ = {isa = PBXBuildFile; fileRef = ADA7FC392AF22DF900105AF4 /* LazyLoadingListView.swift */; };
/* End PBXBuildFile section */

/* Begin PBXContainerItemProxy section */
		ADA7FC1B2AF2241C00105AF4 /* PBXContainerItemProxy */ = {
			isa = PBXContainerItemProxy;
			containerPortal = ADA7FC002AF2241B00105AF4 /* Project object */;
			proxyType = 1;
			remoteGlobalIDString = ADA7FC072AF2241B00105AF4;
			remoteInfo = ListOnDemand;
		};
		ADA7FC252AF2241C00105AF4 /* PBXContainerItemProxy */ = {
			isa = PBXContainerItemProxy;
			containerPortal = ADA7FC002AF2241B00105AF4 /* Project object */;
			proxyType = 1;
			remoteGlobalIDString = ADA7FC072AF2241B00105AF4;
			remoteInfo = ListOnDemand;
		};
/* End PBXContainerItemProxy section */

/* Begin PBXFileReference section */
		ADA7FC082AF2241B00105AF4 /* LazyLoadingListView.app */ = {isa = PBXFileReference; explicitFileType = wrapper.application; includeInIndex = 0; path = LazyLoadingListView.app; sourceTree = BUILT_PRODUCTS_DIR; };
		ADA7FC0B2AF2241B00105AF4 /* MainApp.swift */ = {isa = PBXFileReference; lastKnownFileType = sourcecode.swift; path = MainApp.swift; sourceTree = "<group>"; };
		ADA7FC0D2AF2241B00105AF4 /* ContentView.swift */ = {isa = PBXFileReference; lastKnownFileType = sourcecode.swift; path = ContentView.swift; sourceTree = "<group>"; };
		ADA7FC0F2AF2241B00105AF4 /* Order.swift */ = {isa = PBXFileReference; lastKnownFileType = sourcecode.swift; path = Order.swift; sourceTree = "<group>"; };
		ADA7FC112AF2241C00105AF4 /* Assets.xcassets */ = {isa = PBXFileReference; lastKnownFileType = folder.assetcatalog; path = Assets.xcassets; sourceTree = "<group>"; };
		ADA7FC142AF2241C00105AF4 /* Preview Assets.xcassets */ = {isa = PBXFileReference; lastKnownFileType = folder.assetcatalog; path = "Preview Assets.xcassets"; sourceTree = "<group>"; };
		ADA7FC1A2AF2241C00105AF4 /* LazyLoadingListViewTests.xctest */ = {isa = PBXFileReference; explicitFileType = wrapper.cfbundle; includeInIndex = 0; path = LazyLoadingListViewTests.xctest; sourceTree = BUILT_PRODUCTS_DIR; };
		ADA7FC1E2AF2241C00105AF4 /* ListOnDemandTests.swift */ = {isa = PBXFileReference; lastKnownFileType = sourcecode.swift; path = ListOnDemandTests.swift; sourceTree = "<group>"; };
		ADA7FC242AF2241C00105AF4 /* LazyLoadingListViewUITests.xctest */ = {isa = PBXFileReference; explicitFileType = wrapper.cfbundle; includeInIndex = 0; path = LazyLoadingListViewUITests.xctest; sourceTree = BUILT_PRODUCTS_DIR; };
		ADA7FC282AF2241C00105AF4 /* ListOnDemandUITests.swift */ = {isa = PBXFileReference; lastKnownFileType = sourcecode.swift; path = ListOnDemandUITests.swift; sourceTree = "<group>"; };
		ADA7FC2A2AF2241C00105AF4 /* ListOnDemandUITestsLaunchTests.swift */ = {isa = PBXFileReference; lastKnownFileType = sourcecode.swift; path = ListOnDemandUITestsLaunchTests.swift; sourceTree = "<group>"; };
		ADA7FC372AF224F900105AF4 /* DatabaseManager.swift */ = {isa = PBXFileReference; lastKnownFileType = sourcecode.swift; path = DatabaseManager.swift; sourceTree = "<group>"; };
		ADA7FC392AF22DF900105AF4 /* LazyLoadingListView.swift */ = {isa = PBXFileReference; lastKnownFileType = sourcecode.swift; path = LazyLoadingListView.swift; sourceTree = "<group>"; };
		ADA7FC3B2AF243F800105AF4 /* README.md */ = {isa = PBXFileReference; lastKnownFileType = net.daringfireball.markdown; path = README.md; sourceTree = "<group>"; };
/* End PBXFileReference section */

/* Begin PBXFrameworksBuildPhase section */
		ADA7FC052AF2241B00105AF4 /* Frameworks */ = {
			isa = PBXFrameworksBuildPhase;
			buildActionMask = 2147483647;
			files = (
			);
			runOnlyForDeploymentPostprocessing = 0;
		};
		ADA7FC172AF2241C00105AF4 /* Frameworks */ = {
			isa = PBXFrameworksBuildPhase;
			buildActionMask = 2147483647;
			files = (
			);
			runOnlyForDeploymentPostprocessing = 0;
		};
		ADA7FC212AF2241C00105AF4 /* Frameworks */ = {
			isa = PBXFrameworksBuildPhase;
			buildActionMask = 2147483647;
			files = (
			);
			runOnlyForDeploymentPostprocessing = 0;
		};
/* End PBXFrameworksBuildPhase section */

/* Begin PBXGroup section */
		ADA7FBFF2AF2241B00105AF4 = {
			isa = PBXGroup;
			children = (
				ADA7FC3B2AF243F800105AF4 /* README.md */,
				ADA7FC0A2AF2241B00105AF4 /* ListOnDemand */,
				ADA7FC1D2AF2241C00105AF4 /* ListOnDemandTests */,
				ADA7FC272AF2241C00105AF4 /* ListOnDemandUITests */,
				ADA7FC092AF2241B00105AF4 /* Products */,
			);
			sourceTree = "<group>";
		};
		ADA7FC092AF2241B00105AF4 /* Products */ = {
			isa = PBXGroup;
			children = (
				ADA7FC082AF2241B00105AF4 /* LazyLoadingListView.app */,
				ADA7FC1A2AF2241C00105AF4 /* LazyLoadingListViewTests.xctest */,
				ADA7FC242AF2241C00105AF4 /* LazyLoadingListViewUITests.xctest */,
			);
			name = Products;
			sourceTree = "<group>";
		};
		ADA7FC0A2AF2241B00105AF4 /* ListOnDemand */ = {
			isa = PBXGroup;
			children = (
				ADA7FC0B2AF2241B00105AF4 /* MainApp.swift */,
				ADA7FC0D2AF2241B00105AF4 /* ContentView.swift */,
				ADA7FC0F2AF2241B00105AF4 /* Order.swift */,
				ADA7FC372AF224F900105AF4 /* DatabaseManager.swift */,
				ADA7FC392AF22DF900105AF4 /* LazyLoadingListView.swift */,
				ADA7FC112AF2241C00105AF4 /* Assets.xcassets */,
				ADA7FC132AF2241C00105AF4 /* Preview Content */,
			);
			path = ListOnDemand;
			sourceTree = "<group>";
		};
		ADA7FC132AF2241C00105AF4 /* Preview Content */ = {
			isa = PBXGroup;
			children = (
				ADA7FC142AF2241C00105AF4 /* Preview Assets.xcassets */,
			);
			path = "Preview Content";
			sourceTree = "<group>";
		};
		ADA7FC1D2AF2241C00105AF4 /* ListOnDemandTests */ = {
			isa = PBXGroup;
			children = (
				ADA7FC1E2AF2241C00105AF4 /* ListOnDemandTests.swift */,
			);
			path = ListOnDemandTests;
			sourceTree = "<group>";
		};
		ADA7FC272AF2241C00105AF4 /* ListOnDemandUITests */ = {
			isa = PBXGroup;
			children = (
				ADA7FC282AF2241C00105AF4 /* ListOnDemandUITests.swift */,
				ADA7FC2A2AF2241C00105AF4 /* ListOnDemandUITestsLaunchTests.swift */,
			);
			path = ListOnDemandUITests;
			sourceTree = "<group>";
		};
/* End PBXGroup section */

/* Begin PBXNativeTarget section */
		ADA7FC072AF2241B00105AF4 /* LazyLoadingListView */ = {
			isa = PBXNativeTarget;
			buildConfigurationList = ADA7FC2E2AF2241C00105AF4 /* Build configuration list for PBXNativeTarget "LazyLoadingListView" */;
			buildPhases = (
				ADA7FC042AF2241B00105AF4 /* Sources */,
				ADA7FC052AF2241B00105AF4 /* Frameworks */,
				ADA7FC062AF2241B00105AF4 /* Resources */,
			);
			buildRules = (
			);
			dependencies = (
			);
			name = LazyLoadingListView;
			productName = ListOnDemand;
			productReference = ADA7FC082AF2241B00105AF4 /* LazyLoadingListView.app */;
			productType = "com.apple.product-type.application";
		};
		ADA7FC192AF2241C00105AF4 /* LazyLoadingListViewTests */ = {
			isa = PBXNativeTarget;
			buildConfigurationList = ADA7FC312AF2241C00105AF4 /* Build configuration list for PBXNativeTarget "LazyLoadingListViewTests" */;
			buildPhases = (
				ADA7FC162AF2241C00105AF4 /* Sources */,
				ADA7FC172AF2241C00105AF4 /* Frameworks */,
				ADA7FC182AF2241C00105AF4 /* Resources */,
			);
			buildRules = (
			);
			dependencies = (
				ADA7FC1C2AF2241C00105AF4 /* PBXTargetDependency */,
			);
			name = LazyLoadingListViewTests;
			productName = ListOnDemandTests;
			productReference = ADA7FC1A2AF2241C00105AF4 /* LazyLoadingListViewTests.xctest */;
			productType = "com.apple.product-type.bundle.unit-test";
		};
		ADA7FC232AF2241C00105AF4 /* LazyLoadingListViewUITests */ = {
			isa = PBXNativeTarget;
			buildConfigurationList = ADA7FC342AF2241C00105AF4 /* Build configuration list for PBXNativeTarget "LazyLoadingListViewUITests" */;
			buildPhases = (
				ADA7FC202AF2241C00105AF4 /* Sources */,
				ADA7FC212AF2241C00105AF4 /* Frameworks */,
				ADA7FC222AF2241C00105AF4 /* Resources */,
			);
			buildRules = (
			);
			dependencies = (
				ADA7FC262AF2241C00105AF4 /* PBXTargetDependency */,
			);
			name = LazyLoadingListViewUITests;
			productName = ListOnDemandUITests;
			productReference = ADA7FC242AF2241C00105AF4 /* LazyLoadingListViewUITests.xctest */;
			productType = "com.apple.product-type.bundle.ui-testing";
		};
/* End PBXNativeTarget section */

/* Begin PBXProject section */
		ADA7FC002AF2241B00105AF4 /* Project object */ = {
			isa = PBXProject;
			attributes = {
				BuildIndependentTargetsInParallel = 1;
				LastSwiftUpdateCheck = 1500;
				LastUpgradeCheck = 1500;
				TargetAttributes = {
					ADA7FC072AF2241B00105AF4 = {
						CreatedOnToolsVersion = 15.0.1;
					};
					ADA7FC192AF2241C00105AF4 = {
						CreatedOnToolsVersion = 15.0.1;
						TestTargetID = ADA7FC072AF2241B00105AF4;
					};
					ADA7FC232AF2241C00105AF4 = {
						CreatedOnToolsVersion = 15.0.1;
						TestTargetID = ADA7FC072AF2241B00105AF4;
					};
				};
			};
			buildConfigurationList = ADA7FC032AF2241B00105AF4 /* Build configuration list for PBXProject "LazyLoadingListView" */;
			compatibilityVersion = "Xcode 14.0";
			developmentRegion = en;
			hasScannedForEncodings = 0;
			knownRegions = (
				en,
				Base,
			);
			mainGroup = ADA7FBFF2AF2241B00105AF4;
			productRefGroup = ADA7FC092AF2241B00105AF4 /* Products */;
			projectDirPath = "";
			projectRoot = "";
			targets = (
				ADA7FC072AF2241B00105AF4 /* LazyLoadingListView */,
				ADA7FC192AF2241C00105AF4 /* LazyLoadingListViewTests */,
				ADA7FC232AF2241C00105AF4 /* LazyLoadingListViewUITests */,
			);
		};
/* End PBXProject section */

/* Begin PBXResourcesBuildPhase section */
		ADA7FC062AF2241B00105AF4 /* Resources */ = {
			isa = PBXResourcesBuildPhase;
			buildActionMask = 2147483647;
			files = (
				ADA7FC152AF2241C00105AF4 /* Preview Assets.xcassets in Resources */,
				ADA7FC122AF2241C00105AF4 /* Assets.xcassets in Resources */,
			);
			runOnlyForDeploymentPostprocessing = 0;
		};
		ADA7FC182AF2241C00105AF4 /* Resources */ = {
			isa = PBXResourcesBuildPhase;
			buildActionMask = 2147483647;
			files = (
			);
			runOnlyForDeploymentPostprocessing = 0;
		};
		ADA7FC222AF2241C00105AF4 /* Resources */ = {
			isa = PBXResourcesBuildPhase;
			buildActionMask = 2147483647;
			files = (
			);
			runOnlyForDeploymentPostprocessing = 0;
		};
/* End PBXResourcesBuildPhase section */

/* Begin PBXSourcesBuildPhase section */
		ADA7FC042AF2241B00105AF4 /* Sources */ = {
			isa = PBXSourcesBuildPhase;
			buildActionMask = 2147483647;
			files = (
				ADA7FC382AF224F900105AF4 /* DatabaseManager.swift in Sources */,
				ADA7FC3A2AF22DF900105AF4 /* LazyLoadingListView.swift in Sources */,
				ADA7FC0E2AF2241B00105AF4 /* ContentView.swift in Sources */,
				ADA7FC102AF2241B00105AF4 /* Order.swift in Sources */,
				ADA7FC0C2AF2241B00105AF4 /* MainApp.swift in Sources */,
			);
			runOnlyForDeploymentPostprocessing = 0;
		};
		ADA7FC162AF2241C00105AF4 /* Sources */ = {
			isa = PBXSourcesBuildPhase;
			buildActionMask = 2147483647;
			files = (
				ADA7FC1F2AF2241C00105AF4 /* ListOnDemandTests.swift in Sources */,
			);
			runOnlyForDeploymentPostprocessing = 0;
		};
		ADA7FC202AF2241C00105AF4 /* Sources */ = {
			isa = PBXSourcesBuildPhase;
			buildActionMask = 2147483647;
			files = (
				ADA7FC2B2AF2241C00105AF4 /* ListOnDemandUITestsLaunchTests.swift in Sources */,
				ADA7FC292AF2241C00105AF4 /* ListOnDemandUITests.swift in Sources */,
			);
			runOnlyForDeploymentPostprocessing = 0;
		};
/* End PBXSourcesBuildPhase section */

/* Begin PBXTargetDependency section */
		ADA7FC1C2AF2241C00105AF4 /* PBXTargetDependency */ = {
			isa = PBXTargetDependency;
			target = ADA7FC072AF2241B00105AF4 /* LazyLoadingListView */;
			targetProxy = ADA7FC1B2AF2241C00105AF4 /* PBXContainerItemProxy */;
		};
		ADA7FC262AF2241C00105AF4 /* PBXTargetDependency */ = {
			isa = PBXTargetDependency;
			target = ADA7FC072AF2241B00105AF4 /* LazyLoadingListView */;
			targetProxy = ADA7FC252AF2241C00105AF4 /* PBXContainerItemProxy */;
		};
/* End PBXTargetDependency section */

/* Begin XCBuildConfiguration section */
		ADA7FC2C2AF2241C00105AF4 /* Debug */ = {
			isa = XCBuildConfiguration;
			buildSettings = {
				ALWAYS_SEARCH_USER_PATHS = NO;
				ASSETCATALOG_COMPILER_GENERATE_SWIFT_ASSET_SYMBOL_EXTENSIONS = YES;
				CLANG_ANALYZER_NONNULL = YES;
				CLANG_ANALYZER_NUMBER_OBJECT_CONVERSION = YES_AGGRESSIVE;
				CLANG_CXX_LANGUAGE_STANDARD = "gnu++20";
				CLANG_ENABLE_MODULES = YES;
				CLANG_ENABLE_OBJC_ARC = YES;
				CLANG_ENABLE_OBJC_WEAK = YES;
				CLANG_WARN_BLOCK_CAPTURE_AUTORELEASING = YES;
				CLANG_WARN_BOOL_CONVERSION = YES;
				CLANG_WARN_COMMA = YES;
				CLANG_WARN_CONSTANT_CONVERSION = YES;
				CLANG_WARN_DEPRECATED_OBJC_IMPLEMENTATIONS = YES;
				CLANG_WARN_DIRECT_OBJC_ISA_USAGE = YES_ERROR;
				CLANG_WARN_DOCUMENTATION_COMMENTS = YES;
				CLANG_WARN_EMPTY_BODY = YES;
				CLANG_WARN_ENUM_CONVERSION = YES;
				CLANG_WARN_INFINITE_RECURSION = YES;
				CLANG_WARN_INT_CONVERSION = YES;
				CLANG_WARN_NON_LITERAL_NULL_CONVERSION = YES;
				CLANG_WARN_OBJC_IMPLICIT_RETAIN_SELF = YES;
				CLANG_WARN_OBJC_LITERAL_CONVERSION = YES;
				CLANG_WARN_OBJC_ROOT_CLASS = YES_ERROR;
				CLANG_WARN_QUOTED_INCLUDE_IN_FRAMEWORK_HEADER = YES;
				CLANG_WARN_RANGE_LOOP_ANALYSIS = YES;
				CLANG_WARN_STRICT_PROTOTYPES = YES;
				CLANG_WARN_SUSPICIOUS_MOVE = YES;
				CLANG_WARN_UNGUARDED_AVAILABILITY = YES_AGGRESSIVE;
				CLANG_WARN_UNREACHABLE_CODE = YES;
				CLANG_WARN__DUPLICATE_METHOD_MATCH = YES;
				COPY_PHASE_STRIP = NO;
				DEBUG_INFORMATION_FORMAT = dwarf;
				ENABLE_STRICT_OBJC_MSGSEND = YES;
				ENABLE_TESTABILITY = YES;
				ENABLE_USER_SCRIPT_SANDBOXING = YES;
				GCC_C_LANGUAGE_STANDARD = gnu17;
				GCC_DYNAMIC_NO_PIC = NO;
				GCC_NO_COMMON_BLOCKS = YES;
				GCC_OPTIMIZATION_LEVEL = 0;
				GCC_PREPROCESSOR_DEFINITIONS = (
					"DEBUG=1",
					"$(inherited)",
				);
				GCC_WARN_64_TO_32_BIT_CONVERSION = YES;
				GCC_WARN_ABOUT_RETURN_TYPE = YES_ERROR;
				GCC_WARN_UNDECLARED_SELECTOR = YES;
				GCC_WARN_UNINITIALIZED_AUTOS = YES_AGGRESSIVE;
				GCC_WARN_UNUSED_FUNCTION = YES;
				GCC_WARN_UNUSED_VARIABLE = YES;
				IPHONEOS_DEPLOYMENT_TARGET = 17.0;
				LOCALIZATION_PREFERS_STRING_CATALOGS = YES;
				MTL_ENABLE_DEBUG_INFO = INCLUDE_SOURCE;
				MTL_FAST_MATH = YES;
				ONLY_ACTIVE_ARCH = YES;
				SDKROOT = iphoneos;
				SWIFT_ACTIVE_COMPILATION_CONDITIONS = "DEBUG $(inherited)";
				SWIFT_OPTIMIZATION_LEVEL = "-Onone";
			};
			name = Debug;
		};
		ADA7FC2D2AF2241C00105AF4 /* Release */ = {
			isa = XCBuildConfiguration;
			buildSettings = {
				ALWAYS_SEARCH_USER_PATHS = NO;
				ASSETCATALOG_COMPILER_GENERATE_SWIFT_ASSET_SYMBOL_EXTENSIONS = YES;
				CLANG_ANALYZER_NONNULL = YES;
				CLANG_ANALYZER_NUMBER_OBJECT_CONVERSION = YES_AGGRESSIVE;
				CLANG_CXX_LANGUAGE_STANDARD = "gnu++20";
				CLANG_ENABLE_MODULES = YES;
				CLANG_ENABLE_OBJC_ARC = YES;
				CLANG_ENABLE_OBJC_WEAK = YES;
				CLANG_WARN_BLOCK_CAPTURE_AUTORELEASING = YES;
				CLANG_WARN_BOOL_CONVERSION = YES;
				CLANG_WARN_COMMA = YES;
				CLANG_WARN_CONSTANT_CONVERSION = YES;
				CLANG_WARN_DEPRECATED_OBJC_IMPLEMENTATIONS = YES;
				CLANG_WARN_DIRECT_OBJC_ISA_USAGE = YES_ERROR;
				CLANG_WARN_DOCUMENTATION_COMMENTS = YES;
				CLANG_WARN_EMPTY_BODY = YES;
				CLANG_WARN_ENUM_CONVERSION = YES;
				CLANG_WARN_INFINITE_RECURSION = YES;
				CLANG_WARN_INT_CONVERSION = YES;
				CLANG_WARN_NON_LITERAL_NULL_CONVERSION = YES;
				CLANG_WARN_OBJC_IMPLICIT_RETAIN_SELF = YES;
				CLANG_WARN_OBJC_LITERAL_CONVERSION = YES;
				CLANG_WARN_OBJC_ROOT_CLASS = YES_ERROR;
				CLANG_WARN_QUOTED_INCLUDE_IN_FRAMEWORK_HEADER = YES;
				CLANG_WARN_RANGE_LOOP_ANALYSIS = YES;
				CLANG_WARN_STRICT_PROTOTYPES = YES;
				CLANG_WARN_SUSPICIOUS_MOVE = YES;
				CLANG_WARN_UNGUARDED_AVAILABILITY = YES_AGGRESSIVE;
				CLANG_WARN_UNREACHABLE_CODE = YES;
				CLANG_WARN__DUPLICATE_METHOD_MATCH = YES;
				COPY_PHASE_STRIP = NO;
				DEBUG_INFORMATION_FORMAT = "dwarf-with-dsym";
				ENABLE_NS_ASSERTIONS = NO;
				ENABLE_STRICT_OBJC_MSGSEND = YES;
				ENABLE_USER_SCRIPT_SANDBOXING = YES;
				GCC_C_LANGUAGE_STANDARD = gnu17;
				GCC_NO_COMMON_BLOCKS = YES;
				GCC_WARN_64_TO_32_BIT_CONVERSION = YES;
				GCC_WARN_ABOUT_RETURN_TYPE = YES_ERROR;
				GCC_WARN_UNDECLARED_SELECTOR = YES;
				GCC_WARN_UNINITIALIZED_AUTOS = YES_AGGRESSIVE;
				GCC_WARN_UNUSED_FUNCTION = YES;
				GCC_WARN_UNUSED_VARIABLE = YES;
				IPHONEOS_DEPLOYMENT_TARGET = 17.0;
				LOCALIZATION_PREFERS_STRING_CATALOGS = YES;
				MTL_ENABLE_DEBUG_INFO = NO;
				MTL_FAST_MATH = YES;
				SDKROOT = iphoneos;
				SWIFT_COMPILATION_MODE = wholemodule;
				VALIDATE_PRODUCT = YES;
			};
			name = Release;
		};
		ADA7FC2F2AF2241C00105AF4 /* Debug */ = {
			isa = XCBuildConfiguration;
			buildSettings = {
				ASSETCATALOG_COMPILER_APPICON_NAME = AppIcon;
				ASSETCATALOG_COMPILER_GLOBAL_ACCENT_COLOR_NAME = AccentColor;
				CODE_SIGN_STYLE = Automatic;
				CURRENT_PROJECT_VERSION = 1;
				DEVELOPMENT_ASSET_PATHS = "\"ListOnDemand/Preview Content\"";
				DEVELOPMENT_TEAM = 2B4R48DF8D;
				ENABLE_PREVIEWS = YES;
				GENERATE_INFOPLIST_FILE = YES;
				INFOPLIST_KEY_UIApplicationSceneManifest_Generation = YES;
				INFOPLIST_KEY_UIApplicationSupportsIndirectInputEvents = YES;
				INFOPLIST_KEY_UILaunchScreen_Generation = YES;
				INFOPLIST_KEY_UISupportedInterfaceOrientations_iPad = "UIInterfaceOrientationPortrait UIInterfaceOrientationPortraitUpsideDown UIInterfaceOrientationLandscapeLeft UIInterfaceOrientationLandscapeRight";
				INFOPLIST_KEY_UISupportedInterfaceOrientations_iPhone = "UIInterfaceOrientationPortrait UIInterfaceOrientationLandscapeLeft UIInterfaceOrientationLandscapeRight";
				LD_RUNPATH_SEARCH_PATHS = (
					"$(inherited)",
					"@executable_path/Frameworks",
				);
				MARKETING_VERSION = 1.0;
				PRODUCT_BUNDLE_IDENTIFIER = it.ferlini.ListOnDemand;
				PRODUCT_NAME = "$(TARGET_NAME)";
				SWIFT_EMIT_LOC_STRINGS = YES;
				SWIFT_VERSION = 5.0;
				TARGETED_DEVICE_FAMILY = "1,2";
			};
			name = Debug;
		};
		ADA7FC302AF2241C00105AF4 /* Release */ = {
			isa = XCBuildConfiguration;
			buildSettings = {
				ASSETCATALOG_COMPILER_APPICON_NAME = AppIcon;
				ASSETCATALOG_COMPILER_GLOBAL_ACCENT_COLOR_NAME = AccentColor;
				CODE_SIGN_STYLE = Automatic;
				CURRENT_PROJECT_VERSION = 1;
				DEVELOPMENT_ASSET_PATHS = "\"ListOnDemand/Preview Content\"";
				DEVELOPMENT_TEAM = 2B4R48DF8D;
				ENABLE_PREVIEWS = YES;
				GENERATE_INFOPLIST_FILE = YES;
				INFOPLIST_KEY_UIApplicationSceneManifest_Generation = YES;
				INFOPLIST_KEY_UIApplicationSupportsIndirectInputEvents = YES;
				INFOPLIST_KEY_UILaunchScreen_Generation = YES;
				INFOPLIST_KEY_UISupportedInterfaceOrientations_iPad = "UIInterfaceOrientationPortrait UIInterfaceOrientationPortraitUpsideDown UIInterfaceOrientationLandscapeLeft UIInterfaceOrientationLandscapeRight";
				INFOPLIST_KEY_UISupportedInterfaceOrientations_iPhone = "UIInterfaceOrientationPortrait UIInterfaceOrientationLandscapeLeft UIInterfaceOrientationLandscapeRight";
				LD_RUNPATH_SEARCH_PATHS = (
					"$(inherited)",
					"@executable_path/Frameworks",
				);
				MARKETING_VERSION = 1.0;
				PRODUCT_BUNDLE_IDENTIFIER = it.ferlini.ListOnDemand;
				PRODUCT_NAME = "$(TARGET_NAME)";
				SWIFT_EMIT_LOC_STRINGS = YES;
				SWIFT_VERSION = 5.0;
				TARGETED_DEVICE_FAMILY = "1,2";
			};
			name = Release;
		};
		ADA7FC322AF2241C00105AF4 /* Debug */ = {
			isa = XCBuildConfiguration;
			buildSettings = {
				ALWAYS_EMBED_SWIFT_STANDARD_LIBRARIES = YES;
				BUNDLE_LOADER = "$(TEST_HOST)";
				CODE_SIGN_STYLE = Automatic;
				CURRENT_PROJECT_VERSION = 1;
				DEVELOPMENT_TEAM = 2B4R48DF8D;
				GENERATE_INFOPLIST_FILE = YES;
				IPHONEOS_DEPLOYMENT_TARGET = 17.0;
				MARKETING_VERSION = 1.0;
				PRODUCT_BUNDLE_IDENTIFIER = it.ferlini.ListOnDemandTests;
				PRODUCT_NAME = "$(TARGET_NAME)";
				SWIFT_EMIT_LOC_STRINGS = NO;
				SWIFT_VERSION = 5.0;
				TARGETED_DEVICE_FAMILY = "1,2";
				TEST_HOST = "$(BUILT_PRODUCTS_DIR)/LazyLoadingListView.app/$(BUNDLE_EXECUTABLE_FOLDER_PATH)/LazyLoadingListView";
			};
			name = Debug;
		};
		ADA7FC332AF2241C00105AF4 /* Release */ = {
			isa = XCBuildConfiguration;
			buildSettings = {
				ALWAYS_EMBED_SWIFT_STANDARD_LIBRARIES = YES;
				BUNDLE_LOADER = "$(TEST_HOST)";
				CODE_SIGN_STYLE = Automatic;
				CURRENT_PROJECT_VERSION = 1;
				DEVELOPMENT_TEAM = 2B4R48DF8D;
				GENERATE_INFOPLIST_FILE = YES;
				IPHONEOS_DEPLOYMENT_TARGET = 17.0;
				MARKETING_VERSION = 1.0;
				PRODUCT_BUNDLE_IDENTIFIER = it.ferlini.ListOnDemandTests;
				PRODUCT_NAME = "$(TARGET_NAME)";
				SWIFT_EMIT_LOC_STRINGS = NO;
				SWIFT_VERSION = 5.0;
				TARGETED_DEVICE_FAMILY = "1,2";
				TEST_HOST = "$(BUILT_PRODUCTS_DIR)/LazyLoadingListView.app/$(BUNDLE_EXECUTABLE_FOLDER_PATH)/LazyLoadingListView";
			};
			name = Release;
		};
		ADA7FC352AF2241C00105AF4 /* Debug */ = {
			isa = XCBuildConfiguration;
			buildSettings = {
				ALWAYS_EMBED_SWIFT_STANDARD_LIBRARIES = YES;
				CODE_SIGN_STYLE = Automatic;
				CURRENT_PROJECT_VERSION = 1;
				DEVELOPMENT_TEAM = 2B4R48DF8D;
				GENERATE_INFOPLIST_FILE = YES;
				MARKETING_VERSION = 1.0;
				PRODUCT_BUNDLE_IDENTIFIER = it.ferlini.ListOnDemandUITests;
				PRODUCT_NAME = "$(TARGET_NAME)";
				SWIFT_EMIT_LOC_STRINGS = NO;
				SWIFT_VERSION = 5.0;
				TARGETED_DEVICE_FAMILY = "1,2";
				TEST_TARGET_NAME = ListOnDemand;
			};
			name = Debug;
		};
		ADA7FC362AF2241C00105AF4 /* Release */ = {
			isa = XCBuildConfiguration;
			buildSettings = {
				ALWAYS_EMBED_SWIFT_STANDARD_LIBRARIES = YES;
				CODE_SIGN_STYLE = Automatic;
				CURRENT_PROJECT_VERSION = 1;
				DEVELOPMENT_TEAM = 2B4R48DF8D;
				GENERATE_INFOPLIST_FILE = YES;
				MARKETING_VERSION = 1.0;
				PRODUCT_BUNDLE_IDENTIFIER = it.ferlini.ListOnDemandUITests;
				PRODUCT_NAME = "$(TARGET_NAME)";
				SWIFT_EMIT_LOC_STRINGS = NO;
				SWIFT_VERSION = 5.0;
				TARGETED_DEVICE_FAMILY = "1,2";
				TEST_TARGET_NAME = ListOnDemand;
			};
			name = Release;
		};
/* End XCBuildConfiguration section */

/* Begin XCConfigurationList section */
		ADA7FC032AF2241B00105AF4 /* Build configuration list for PBXProject "LazyLoadingListView" */ = {
			isa = XCConfigurationList;
			buildConfigurations = (
				ADA7FC2C2AF2241C00105AF4 /* Debug */,
				ADA7FC2D2AF2241C00105AF4 /* Release */,
			);
			defaultConfigurationIsVisible = 0;
			defaultConfigurationName = Release;
		};
		ADA7FC2E2AF2241C00105AF4 /* Build configuration list for PBXNativeTarget "LazyLoadingListView" */ = {
			isa = XCConfigurationList;
			buildConfigurations = (
				ADA7FC2F2AF2241C00105AF4 /* Debug */,
				ADA7FC302AF2241C00105AF4 /* Release */,
			);
			defaultConfigurationIsVisible = 0;
			defaultConfigurationName = Release;
		};
		ADA7FC312AF2241C00105AF4 /* Build configuration list for PBXNativeTarget "LazyLoadingListViewTests" */ = {
			isa = XCConfigurationList;
			buildConfigurations = (
				ADA7FC322AF2241C00105AF4 /* Debug */,
				ADA7FC332AF2241C00105AF4 /* Release */,
			);
			defaultConfigurationIsVisible = 0;
			defaultConfigurationName = Release;
		};
		ADA7FC342AF2241C00105AF4 /* Build configuration list for PBXNativeTarget "LazyLoadingListViewUITests" */ = {
			isa = XCConfigurationList;
			buildConfigurations = (
				ADA7FC352AF2241C00105AF4 /* Debug */,
				ADA7FC362AF2241C00105AF4 /* Release */,
			);
			defaultConfigurationIsVisible = 0;
			defaultConfigurationName = Release;
		};
/* End XCConfigurationList section */
	};
	rootObject = ADA7FC002AF2241B00105AF4 /* Project object */;
}
